
Microsoft Visual Studio Solution File, Format Version 12.00
# Visual Studio 15
VisualStudioVersion = 15.0.27130.2027
MinimumVisualStudioVersion = 10.0.40219.1
Project("{FAE04EC0-301F-11D3-BF4B-00C04F79EFBC}") = "CapaEntidad", "CapaEntidad\CapaEntidad.csproj", "{37AF7E8E-4DF3-4805-BAE9-E6DDF921C244}"
EndProject
Project("{FAE04EC0-301F-11D3-BF4B-00C04F79EFBC}") = "CapaDato", "CapaDato\CapaDato.csproj", "{FC42892D-FD92-44F7-BE50-88984DA71DEC}"
EndProject
Project("{FAE04EC0-301F-11D3-BF4B-00C04F79EFBC}") = "CapaNegocio", "CapaNegocio\CapaNegocio.csproj", "{A7504195-BF2A-4626-8079-A6C2881466D1}"
EndProject
Project("{FAE04EC0-301F-11D3-BF4B-00C04F79EFBC}") = "CapaPresentacion", "CapaPresentacion\CapaPresentacion.csproj", "{2E1F7BFC-0724-427E-903D-EF155038CB30}"
EndProject
Global
	GlobalSection(SolutionConfigurationPlatforms) = preSolution
		Debug|Any CPU = Debug|Any CPU
		Release|Any CPU = Release|Any CPU
	EndGlobalSection
	GlobalSection(ProjectConfigurationPlatforms) = postSolution
		{37AF7E8E-4DF3-4805-BAE9-E6DDF921C244}.Debug|Any CPU.ActiveCfg = Debug|Any CPU
		{37AF7E8E-4DF3-4805-BAE9-E6DDF921C244}.Debug|Any CPU.Build.0 = Debug|Any CPU
		{37AF7E8E-4DF3-4805-BAE9-E6DDF921C244}.Release|Any CPU.ActiveCfg = Release|Any CPU
		{37AF7E8E-4DF3-4805-BAE9-E6DDF921C244}.Release|Any CPU.Build.0 = Release|Any CPU
		{FC42892D-FD92-44F7-BE50-88984DA71DEC}.Debug|Any CPU.ActiveCfg = Debug|Any CPU
		{FC42892D-FD92-44F7-BE50-88984DA71DEC}.Debug|Any CPU.Build.0 = Debug|Any CPU
		{FC42892D-FD92-44F7-BE50-88984DA71DEC}.Release|Any CPU.ActiveCfg = Release|Any CPU
		{FC42892D-FD92-44F7-BE50-88984DA71DEC}.Release|Any CPU.Build.0 = Release|Any CPU
		{A7504195-BF2A-4626-8079-A6C2881466D1}.Debug|Any CPU.ActiveCfg = Debug|Any CPU
		{A7504195-BF2A-4626-8079-A6C2881466D1}.Debug|Any CPU.Build.0 = Debug|Any CPU
		{A7504195-BF2A-4626-8079-A6C2881466D1}.Release|Any CPU.ActiveCfg = Release|Any CPU
		{A7504195-BF2A-4626-8079-A6C2881466D1}.Release|Any CPU.Build.0 = Release|Any CPU
		{2E1F7BFC-0724-427E-903D-EF155038CB30}.Debug|Any CPU.ActiveCfg = Debug|Any CPU
		{2E1F7BFC-0724-427E-903D-EF155038CB30}.Debug|Any CPU.Build.0 = Debug|Any CPU
		{2E1F7BFC-0724-427E-903D-EF155038CB30}.Release|Any CPU.ActiveCfg = Release|Any CPU
		{2E1F7BFC-0724-427E-903D-EF155038CB30}.Release|Any CPU.Build.0 = Release|Any CPU
	EndGlobalSection
	GlobalSection(SolutionProperties) = preSolution
		HideSolutionNode = FALSE
	EndGlobalSection
	GlobalSection(ExtensibilityGlobals) = postSolution
		SolutionGuid = {2FAB1B55-1422-43C0-8B78-ADB8E07805AF}
	EndGlobalSection
EndGlobal
